// !$*UTF8*$!
{
	archiveVersion = 1;
	classes = {
	};
	objectVersion = 50;
	objects = {

/* Begin PBXBuildFile section */
		3C08702222B4D76C00177EBE /* TaskRowView.swift in Sources */ = {isa = PBXBuildFile; fileRef = 3C08702122B4D76B00177EBE /* TaskRowView.swift */; };
		3C08702422B4D95000177EBE /* TaskListView.swift in Sources */ = {isa = PBXBuildFile; fileRef = 3C08702322B4D95000177EBE /* TaskListView.swift */; };
		3C0C8CE622AAD90A0037632F /* AppDelegate.swift in Sources */ = {isa = PBXBuildFile; fileRef = 3C0C8CE522AAD90A0037632F /* AppDelegate.swift */; };
		3C0C8CE822AAD90A0037632F /* SceneDelegate.swift in Sources */ = {isa = PBXBuildFile; fileRef = 3C0C8CE722AAD90A0037632F /* SceneDelegate.swift */; };
		3C0C8CEA22AAD90A0037632F /* ContentView.swift in Sources */ = {isa = PBXBuildFile; fileRef = 3C0C8CE922AAD90A0037632F /* ContentView.swift */; };
		3C0C8CEC22AAD90B0037632F /* Assets.xcassets in Resources */ = {isa = PBXBuildFile; fileRef = 3C0C8CEB22AAD90B0037632F /* Assets.xcassets */; };
		3C0C8CEF22AAD90B0037632F /* Preview Assets.xcassets in Resources */ = {isa = PBXBuildFile; fileRef = 3C0C8CEE22AAD90B0037632F /* Preview Assets.xcassets */; };
		3C0C8CF222AAD90B0037632F /* LaunchScreen.storyboard in Resources */ = {isa = PBXBuildFile; fileRef = 3C0C8CF022AAD90B0037632F /* LaunchScreen.storyboard */; };
		3C30E48422AC210B000A6201 /* Task.swift in Sources */ = {isa = PBXBuildFile; fileRef = 3C30E48322AC210B000A6201 /* Task.swift */; };
		3C30E48622AC2477000A6201 /* TaskColor.swift in Sources */ = {isa = PBXBuildFile; fileRef = 3C30E48522AC2477000A6201 /* TaskColor.swift */; };
		3CABEEC422ACF074004400C9 /* TaskData.swift in Sources */ = {isa = PBXBuildFile; fileRef = 3CABEEC322ACF074004400C9 /* TaskData.swift */; };
		3CDBA37D22B4EA560096EA1A /* CreateTaskView.swift in Sources */ = {isa = PBXBuildFile; fileRef = 3CDBA37C22B4EA560096EA1A /* CreateTaskView.swift */; };
/* End PBXBuildFile section */

/* Begin PBXFileReference section */
		3C08702122B4D76B00177EBE /* TaskRowView.swift */ = {isa = PBXFileReference; fileEncoding = 4; lastKnownFileType = sourcecode.swift; path = TaskRowView.swift; sourceTree = "<group>"; };
		3C08702322B4D95000177EBE /* TaskListView.swift */ = {isa = PBXFileReference; fileEncoding = 4; lastKnownFileType = sourcecode.swift; path = TaskListView.swift; sourceTree = "<group>"; };
		3C0C8CE222AAD90A0037632F /* ToDoTest.app */ = {isa = PBXFileReference; explicitFileType = wrapper.application; includeInIndex = 0; path = ToDoTest.app; sourceTree = BUILT_PRODUCTS_DIR; };
		3C0C8CE522AAD90A0037632F /* AppDelegate.swift */ = {isa = PBXFileReference; lastKnownFileType = sourcecode.swift; path = AppDelegate.swift; sourceTree = "<group>"; };
		3C0C8CE722AAD90A0037632F /* SceneDelegate.swift */ = {isa = PBXFileReference; lastKnownFileType = sourcecode.swift; path = SceneDelegate.swift; sourceTree = "<group>"; };
		3C0C8CE922AAD90A0037632F /* ContentView.swift */ = {isa = PBXFileReference; lastKnownFileType = sourcecode.swift; path = ContentView.swift; sourceTree = "<group>"; };
		3C0C8CEB22AAD90B0037632F /* Assets.xcassets */ = {isa = PBXFileReference; lastKnownFileType = folder.assetcatalog; path = Assets.xcassets; sourceTree = "<group>"; };
		3C0C8CEE22AAD90B0037632F /* Preview Assets.xcassets */ = {isa = PBXFileReference; lastKnownFileType = folder.assetcatalog; path = "Preview Assets.xcassets"; sourceTree = "<group>"; };
		3C0C8CF122AAD90B0037632F /* Base */ = {isa = PBXFileReference; lastKnownFileType = file.storyboard; name = Base; path = Base.lproj/LaunchScreen.storyboard; sourceTree = "<group>"; };
		3C0C8CF322AAD90C0037632F /* Info.plist */ = {isa = PBXFileReference; lastKnownFileType = text.plist.xml; path = Info.plist; sourceTree = "<group>"; };
		3C30E48322AC210B000A6201 /* Task.swift */ = {isa = PBXFileReference; lastKnownFileType = sourcecode.swift; path = Task.swift; sourceTree = "<group>"; };
		3C30E48522AC2477000A6201 /* TaskColor.swift */ = {isa = PBXFileReference; lastKnownFileType = sourcecode.swift; path = TaskColor.swift; sourceTree = "<group>"; };
		3CABEEC322ACF074004400C9 /* TaskData.swift */ = {isa = PBXFileReference; lastKnownFileType = sourcecode.swift; path = TaskData.swift; sourceTree = "<group>"; };
		3CDBA37C22B4EA560096EA1A /* CreateTaskView.swift */ = {isa = PBXFileReference; lastKnownFileType = sourcecode.swift; path = CreateTaskView.swift; sourceTree = "<group>"; };
/* End PBXFileReference section */

/* Begin PBXFrameworksBuildPhase section */
		3C0C8CDF22AAD90A0037632F /* Frameworks */ = {
			isa = PBXFrameworksBuildPhase;
			buildActionMask = 2147483647;
			files = (
			);
			runOnlyForDeploymentPostprocessing = 0;
		};
/* End PBXFrameworksBuildPhase section */

/* Begin PBXGroup section */
		3C0C8CD922AAD90A0037632F = {
			isa = PBXGroup;
			children = (
				3C0C8CE422AAD90A0037632F /* ToDoTest */,
				3C0C8CE322AAD90A0037632F /* Products */,
			);
			sourceTree = "<group>";
		};
		3C0C8CE322AAD90A0037632F /* Products */ = {
			isa = PBXGroup;
			children = (
				3C0C8CE222AAD90A0037632F /* ToDoTest.app */,
			);
			name = Products;
			sourceTree = "<group>";
		};
		3C0C8CE422AAD90A0037632F /* ToDoTest */ = {
			isa = PBXGroup;
			children = (
				3CDBA37B22B4E9DD0096EA1A /* Views */,
				3CBB1B6022AD08F100226891 /* Models */,
				3C0C8CE522AAD90A0037632F /* AppDelegate.swift */,
				3C0C8CE722AAD90A0037632F /* SceneDelegate.swift */,
				3C0C8CE922AAD90A0037632F /* ContentView.swift */,
				3C0C8CEB22AAD90B0037632F /* Assets.xcassets */,
				3C0C8CF022AAD90B0037632F /* LaunchScreen.storyboard */,
				3C0C8CF322AAD90C0037632F /* Info.plist */,
				3C0C8CED22AAD90B0037632F /* Preview Content */,
			);
			path = ToDoTest;
			sourceTree = "<group>";
		};
		3C0C8CED22AAD90B0037632F /* Preview Content */ = {
			isa = PBXGroup;
			children = (
				3C0C8CEE22AAD90B0037632F /* Preview Assets.xcassets */,
			);
			path = "Preview Content";
			sourceTree = "<group>";
		};
		3CBB1B6022AD08F100226891 /* Models */ = {
			isa = PBXGroup;
			children = (
				3C30E48322AC210B000A6201 /* Task.swift */,
				3C30E48522AC2477000A6201 /* TaskColor.swift */,
				3CABEEC322ACF074004400C9 /* TaskData.swift */,
			);
			path = Models;
			sourceTree = "<group>";
		};
		3CDBA37B22B4E9DD0096EA1A /* Views */ = {
			isa = PBXGroup;
			children = (
				3C08702122B4D76B00177EBE /* TaskRowView.swift */,
				3C08702322B4D95000177EBE /* TaskListView.swift */,
				3CDBA37C22B4EA560096EA1A /* CreateTaskView.swift */,
			);
			path = Views;
			sourceTree = "<group>";
		};
/* End PBXGroup section */

/* Begin PBXNativeTarget section */
		3C0C8CE122AAD90A0037632F /* ToDoTest */ = {
			isa = PBXNativeTarget;
			buildConfigurationList = 3C0C8CF622AAD90C0037632F /* Build configuration list for PBXNativeTarget "ToDoTest" */;
			buildPhases = (
				3C0C8CDE22AAD90A0037632F /* Sources */,
				3C0C8CDF22AAD90A0037632F /* Frameworks */,
				3C0C8CE022AAD90A0037632F /* Resources */,
			);
			buildRules = (
			);
			dependencies = (
			);
			name = ToDoTest;
			productName = ToDoTest;
			productReference = 3C0C8CE222AAD90A0037632F /* ToDoTest.app */;
			productType = "com.apple.product-type.application";
		};
/* End PBXNativeTarget section */

/* Begin PBXProject section */
		3C0C8CDA22AAD90A0037632F /* Project object */ = {
			isa = PBXProject;
			attributes = {
				LastSwiftUpdateCheck = 1100;
				LastUpgradeCheck = 1100;
				ORGANIZATIONNAME = Jin;
				TargetAttributes = {
					3C0C8CE122AAD90A0037632F = {
						CreatedOnToolsVersion = 11.0;
					};
				};
			};
			buildConfigurationList = 3C0C8CDD22AAD90A0037632F /* Build configuration list for PBXProject "ToDoTest" */;
			compatibilityVersion = "Xcode 9.3";
			developmentRegion = en;
			hasScannedForEncodings = 0;
			knownRegions = (
				en,
				Base,
			);
			mainGroup = 3C0C8CD922AAD90A0037632F;
			productRefGroup = 3C0C8CE322AAD90A0037632F /* Products */;
			projectDirPath = "";
			projectRoot = "";
			targets = (
				3C0C8CE122AAD90A0037632F /* ToDoTest */,
			);
		};
/* End PBXProject section */

/* Begin PBXResourcesBuildPhase section */
		3C0C8CE022AAD90A0037632F /* Resources */ = {
			isa = PBXResourcesBuildPhase;
			buildActionMask = 2147483647;
			files = (
				3C0C8CF222AAD90B0037632F /* LaunchScreen.storyboard in Resources */,
				3C0C8CEF22AAD90B0037632F /* Preview Assets.xcassets in Resources */,
				3C0C8CEC22AAD90B0037632F /* Assets.xcassets in Resources */,
			);
			runOnlyForDeploymentPostprocessing = 0;
		};
/* End PBXResourcesBuildPhase section */

/* Begin PBXSourcesBuildPhase section */
		3C0C8CDE22AAD90A0037632F /* Sources */ = {
			isa = PBXSourcesBuildPhase;
			buildActionMask = 2147483647;
			files = (
				3C30E48422AC210B000A6201 /* Task.swift in Sources */,
				3C0C8CE622AAD90A0037632F /* AppDelegate.swift in Sources */,
				3CABEEC422ACF074004400C9 /* TaskData.swift in Sources */,
				3C08702222B4D76C00177EBE /* TaskRowView.swift in Sources */,
				3C0C8CE822AAD90A0037632F /* SceneDelegate.swift in Sources */,
				3C30E48622AC2477000A6201 /* TaskColor.swift in Sources */,
				3CDBA37D22B4EA560096EA1A /* CreateTaskView.swift in Sources */,
				3C0C8CEA22AAD90A0037632F /* ContentView.swift in Sources */,
				3C08702422B4D95000177EBE /* TaskListView.swift in Sources */,
			);
			runOnlyForDeploymentPostprocessing = 0;
		};
/* End PBXSourcesBuildPhase section */

/* Begin PBXVariantGroup section */
		3C0C8CF022AAD90B0037632F /* LaunchScreen.storyboard */ = {
			isa = PBXVariantGroup;
			children = (
				3C0C8CF122AAD90B0037632F /* Base */,
			);
			name = LaunchScreen.storyboard;
			sourceTree = "<group>";
		};
/* End PBXVariantGroup section */

/* Begin XCBuildConfiguration section */
		3C0C8CF422AAD90C0037632F /* Debug */ = {
			isa = XCBuildConfiguration;
			buildSettings = {
				ALWAYS_SEARCH_USER_PATHS = NO;
				CLANG_ANALYZER_NONNULL = YES;
				CLANG_ANALYZER_NUMBER_OBJECT_CONVERSION = YES_AGGRESSIVE;
				CLANG_CXX_LANGUAGE_STANDARD = "gnu++14";
				CLANG_CXX_LIBRARY = "libc++";
				CLANG_ENABLE_MODULES = YES;
				CLANG_ENABLE_OBJC_ARC = YES;
				CLANG_ENABLE_OBJC_WEAK = YES;
				CLANG_WARN_BLOCK_CAPTURE_AUTORELEASING = YES;
				CLANG_WARN_BOOL_CONVERSION = YES;
				CLANG_WARN_COMMA = YES;
				CLANG_WARN_CONSTANT_CONVERSION = YES;
				CLANG_WARN_DEPRECATED_OBJC_IMPLEMENTATIONS = YES;
				CLANG_WARN_DIRECT_OBJC_ISA_USAGE = YES_ERROR;
				CLANG_WARN_DOCUMENTATION_COMMENTS = YES;
				CLANG_WARN_EMPTY_BODY = YES;
				CLANG_WARN_ENUM_CONVERSION = YES;
				CLANG_WARN_INFINITE_RECURSION = YES;
				CLANG_WARN_INT_CONVERSION = YES;
				CLANG_WARN_NON_LITERAL_NULL_CONVERSION = YES;
				CLANG_WARN_OBJC_IMPLICIT_RETAIN_SELF = YES;
				CLANG_WARN_OBJC_LITERAL_CONVERSION = YES;
				CLANG_WARN_OBJC_ROOT_CLASS = YES_ERROR;
				CLANG_WARN_RANGE_LOOP_ANALYSIS = YES;
				CLANG_WARN_STRICT_PROTOTYPES = YES;
				CLANG_WARN_SUSPICIOUS_MOVE = YES;
				CLANG_WARN_UNGUARDED_AVAILABILITY = YES_AGGRESSIVE;
				CLANG_WARN_UNREACHABLE_CODE = YES;
				CLANG_WARN__DUPLICATE_METHOD_MATCH = YES;
				COPY_PHASE_STRIP = NO;
				DEBUG_INFORMATION_FORMAT = dwarf;
				ENABLE_STRICT_OBJC_MSGSEND = YES;
				ENABLE_TESTABILITY = YES;
				GCC_C_LANGUAGE_STANDARD = gnu11;
				GCC_DYNAMIC_NO_PIC = NO;
				GCC_NO_COMMON_BLOCKS = YES;
				GCC_OPTIMIZATION_LEVEL = 0;
				GCC_PREPROCESSOR_DEFINITIONS = (
					"DEBUG=1",
					"$(inherited)",
				);
				GCC_WARN_64_TO_32_BIT_CONVERSION = YES;
				GCC_WARN_ABOUT_RETURN_TYPE = YES_ERROR;
				GCC_WARN_UNDECLARED_SELECTOR = YES;
				GCC_WARN_UNINITIALIZED_AUTOS = YES_AGGRESSIVE;
				GCC_WARN_UNUSED_FUNCTION = YES;
				GCC_WARN_UNUSED_VARIABLE = YES;
				IPHONEOS_DEPLOYMENT_TARGET = 13.0;
				MTL_ENABLE_DEBUG_INFO = INCLUDE_SOURCE;
				MTL_FAST_MATH = YES;
				ONLY_ACTIVE_ARCH = YES;
				SDKROOT = iphoneos;
				SWIFT_ACTIVE_COMPILATION_CONDITIONS = DEBUG;
				SWIFT_OPTIMIZATION_LEVEL = "-Onone";
			};
			name = Debug;
		};
		3C0C8CF522AAD90C0037632F /* Release */ = {
			isa = XCBuildConfiguration;
			buildSettings = {
				ALWAYS_SEARCH_USER_PATHS = NO;
				CLANG_ANALYZER_NONNULL = YES;
				CLANG_ANALYZER_NUMBER_OBJECT_CONVERSION = YES_AGGRESSIVE;
				CLANG_CXX_LANGUAGE_STANDARD = "gnu++14";
				CLANG_CXX_LIBRARY = "libc++";
				CLANG_ENABLE_MODULES = YES;
				CLANG_ENABLE_OBJC_ARC = YES;
				CLANG_ENABLE_OBJC_WEAK = YES;
				CLANG_WARN_BLOCK_CAPTURE_AUTORELEASING = YES;
				CLANG_WARN_BOOL_CONVERSION = YES;
				CLANG_WARN_COMMA = YES;
				CLANG_WARN_CONSTANT_CONVERSION = YES;
				CLANG_WARN_DEPRECATED_OBJC_IMPLEMENTATIONS = YES;
				CLANG_WARN_DIRECT_OBJC_ISA_USAGE = YES_ERROR;
				CLANG_WARN_DOCUMENTATION_COMMENTS = YES;
				CLANG_WARN_EMPTY_BODY = YES;
				CLANG_WARN_ENUM_CONVERSION = YES;
				CLANG_WARN_INFINITE_RECURSION = YES;
				CLANG_WARN_INT_CONVERSION = YES;
				CLANG_WARN_NON_LITERAL_NULL_CONVERSION = YES;
				CLANG_WARN_OBJC_IMPLICIT_RETAIN_SELF = YES;
				CLANG_WARN_OBJC_LITERAL_CONVERSION = YES;
				CLANG_WARN_OBJC_ROOT_CLASS = YES_ERROR;
				CLANG_WARN_RANGE_LOOP_ANALYSIS = YES;
				CLANG_WARN_STRICT_PROTOTYPES = YES;
				CLANG_WARN_SUSPICIOUS_MOVE = YES;
				CLANG_WARN_UNGUARDED_AVAILABILITY = YES_AGGRESSIVE;
				CLANG_WARN_UNREACHABLE_CODE = YES;
				CLANG_WARN__DUPLICATE_METHOD_MATCH = YES;
				COPY_PHASE_STRIP = NO;
				DEBUG_INFORMATION_FORMAT = "dwarf-with-dsym";
				ENABLE_NS_ASSERTIONS = NO;
				ENABLE_STRICT_OBJC_MSGSEND = YES;
				GCC_C_LANGUAGE_STANDARD = gnu11;
				GCC_NO_COMMON_BLOCKS = YES;
				GCC_WARN_64_TO_32_BIT_CONVERSION = YES;
				GCC_WARN_ABOUT_RETURN_TYPE = YES_ERROR;
				GCC_WARN_UNDECLARED_SELECTOR = YES;
				GCC_WARN_UNINITIALIZED_AUTOS = YES_AGGRESSIVE;
				GCC_WARN_UNUSED_FUNCTION = YES;
				GCC_WARN_UNUSED_VARIABLE = YES;
				IPHONEOS_DEPLOYMENT_TARGET = 13.0;
				MTL_ENABLE_DEBUG_INFO = NO;
				MTL_FAST_MATH = YES;
				SDKROOT = iphoneos;
				SWIFT_COMPILATION_MODE = wholemodule;
				SWIFT_OPTIMIZATION_LEVEL = "-O";
				VALIDATE_PRODUCT = YES;
			};
			name = Release;
		};
		3C0C8CF722AAD90C0037632F /* Debug */ = {
			isa = XCBuildConfiguration;
			buildSettings = {
				ASSETCATALOG_COMPILER_APPICON_NAME = AppIcon;
				CODE_SIGN_STYLE = Automatic;
				DEVELOPMENT_ASSET_PATHS = "ToDoTest/Preview\\ Content";
				DEVELOPMENT_TEAM = KDJQJM26Y7;
				ENABLE_PREVIEWS = YES;
				INFOPLIST_FILE = ToDoTest/Info.plist;
				IPHONEOS_DEPLOYMENT_TARGET = 13.0;
				LD_RUNPATH_SEARCH_PATHS = (
					"$(inherited)",
					"@executable_path/Frameworks",
				);
				PRODUCT_BUNDLE_IDENTIFIER = com.studiofreesia.app.ToDoTest;
				PRODUCT_NAME = "$(TARGET_NAME)";
				SWIFT_VERSION = 5.0;
				TARGETED_DEVICE_FAMILY = "1,2";
			};
			name = Debug;
		};
		3C0C8CF822AAD90C0037632F /* Release */ = {
			isa = XCBuildConfiguration;
			buildSettings = {
				ASSETCATALOG_COMPILER_APPICON_NAME = AppIcon;
				CODE_SIGN_STYLE = Automatic;
				DEVELOPMENT_ASSET_PATHS = "ToDoTest/Preview\\ Content";
				DEVELOPMENT_TEAM = KDJQJM26Y7;
				ENABLE_PREVIEWS = YES;
				INFOPLIST_FILE = ToDoTest/Info.plist;
				IPHONEOS_DEPLOYMENT_TARGET = 13.0;
				LD_RUNPATH_SEARCH_PATHS = (
					"$(inherited)",
					"@executable_path/Frameworks",
				);
				PRODUCT_BUNDLE_IDENTIFIER = com.studiofreesia.app.ToDoTest;
				PRODUCT_NAME = "$(TARGET_NAME)";
				SWIFT_VERSION = 5.0;
				TARGETED_DEVICE_FAMILY = "1,2";
			};
			name = Release;
		};
/* End XCBuildConfiguration section */

/* Begin XCConfigurationList section */
		3C0C8CDD22AAD90A0037632F /* Build configuration list for PBXProject "ToDoTest" */ = {
			isa = XCConfigurationList;
			buildConfigurations = (
				3C0C8CF422AAD90C0037632F /* Debug */,
				3C0C8CF522AAD90C0037632F /* Release */,
			);
			defaultConfigurationIsVisible = 0;
			defaultConfigurationName = Release;
		};
		3C0C8CF622AAD90C0037632F /* Build configuration list for PBXNativeTarget "ToDoTest" */ = {
			isa = XCConfigurationList;
			buildConfigurations = (
				3C0C8CF722AAD90C0037632F /* Debug */,
				3C0C8CF822AAD90C0037632F /* Release */,
			);
			defaultConfigurationIsVisible = 0;
			defaultConfigurationName = Release;
		};
/* End XCConfigurationList section */
	};
	rootObject = 3C0C8CDA22AAD90A0037632F /* Project object */;
}
